
Microsoft Visual Studio Solution File, Format Version 12.00
# Visual Studio Version 17
VisualStudioVersion = 17.9.34723.18
MinimumVisualStudioVersion = 10.0.40219.1
Project("{9A19103F-16F7-4668-BE54-9A1E7A4F7556}") = "SmartThrive.API", "Smart Thrive\SmartThrive.API.csproj", "{00F73694-F500-4F6D-BEFA-2FBD2FFF3E8E}"
EndProject
Project("{9A19103F-16F7-4668-BE54-9A1E7A4F7556}") = "ST.Entities", "ST.Entities\ST.Entities.csproj", "{E208DDC6-4F6B-424C-B181-F92278970095}"
EndProject
Project("{FAE04EC0-301F-11D3-BF4B-00C04F79EFBC}") = "SmartThrive.DataAccess", "ConsoleApp1\SmartThrive.DataAccess.csproj", "{2515F49B-92C1-490C-A19C-ADE27430D055}"
EndProject
Global
	GlobalSection(SolutionConfigurationPlatforms) = preSolution
		Debug|Any CPU = Debug|Any CPU
		Release|Any CPU = Release|Any CPU
	EndGlobalSection
	GlobalSection(ProjectConfigurationPlatforms) = postSolution
		{00F73694-F500-4F6D-BEFA-2FBD2FFF3E8E}.Debug|Any CPU.ActiveCfg = Debug|Any CPU
		{00F73694-F500-4F6D-BEFA-2FBD2FFF3E8E}.Debug|Any CPU.Build.0 = Debug|Any CPU
		{00F73694-F500-4F6D-BEFA-2FBD2FFF3E8E}.Release|Any CPU.ActiveCfg = Release|Any CPU
		{00F73694-F500-4F6D-BEFA-2FBD2FFF3E8E}.Release|Any CPU.Build.0 = Release|Any CPU
		{E208DDC6-4F6B-424C-B181-F92278970095}.Debug|Any CPU.ActiveCfg = Debug|Any CPU
		{E208DDC6-4F6B-424C-B181-F92278970095}.Debug|Any CPU.Build.0 = Debug|Any CPU
		{E208DDC6-4F6B-424C-B181-F92278970095}.Release|Any CPU.ActiveCfg = Release|Any CPU
		{E208DDC6-4F6B-424C-B181-F92278970095}.Release|Any CPU.Build.0 = Release|Any CPU
		{2515F49B-92C1-490C-A19C-ADE27430D055}.Debug|Any CPU.ActiveCfg = Debug|Any CPU
		{2515F49B-92C1-490C-A19C-ADE27430D055}.Debug|Any CPU.Build.0 = Debug|Any CPU
		{2515F49B-92C1-490C-A19C-ADE27430D055}.Release|Any CPU.ActiveCfg = Release|Any CPU
		{2515F49B-92C1-490C-A19C-ADE27430D055}.Release|Any CPU.Build.0 = Release|Any CPU
	EndGlobalSection
	GlobalSection(SolutionProperties) = preSolution
		HideSolutionNode = FALSE
	EndGlobalSection
	GlobalSection(ExtensibilityGlobals) = postSolution
		SolutionGuid = {2BF0A9CD-1F17-407B-917A-B25E6142E1BF}
	EndGlobalSection
EndGlobal
